{
  "name": "rose-pine",
  "version": "0.3.12",
  "lockfileVersion": 1,
  "requires": true,
  "dependencies": {
    "@mvllow/pinecone": {
      "version": "0.1.0",
      "resolved": "https://registry.npmjs.org/@mvllow/pinecone/-/pinecone-0.1.0.tgz",
      "integrity": "sha512-xiGjQ+z3uRWsxEU0W9yyQY4tY91AQDCfvtXY5pwPSvuECKW3MRnQAqK7xCEKbzMP0yuwcWePyh+hB1VjnRK9bQ=="
    }
  }
}
