{
  "name": "rose-pine",
  "version": "0.3.13",
  "lockfileVersion": 1,
  "requires": true,
  "dependencies": {
    "@mvllow/pinecone": {
      "version": "file:../pinecone",
      "dependencies": {
        "@types/node": {
          "version": "14.0.18",
          "resolved": "https://registry.npmjs.org/@types/node/-/node-14.0.18.tgz",
          "integrity": "sha512-0Z3nS5acM0cIV4JPzrj9g/GH0Et5vmADWtip3YOXOp1NpOLU8V3KoZDc8ny9c1pe/YSYYzQkAWob6dyV/EWg4g=="
        },
        "prettier": {
          "version": "2.0.5",
          "resolved": "https://registry.npmjs.org/prettier/-/prettier-2.0.5.tgz",
          "integrity": "sha512-7PtVymN48hGcO4fGjybyBSIWDsLU4H4XlvOHfq91pz9kkGlonzwTfYkaIEwiRg/dAJF9YlbsduBAgtYLi+8cFg=="
        },
        "typescript": {
          "version": "3.9.6",
          "resolved": "https://registry.npmjs.org/typescript/-/typescript-3.9.6.tgz",
          "integrity": "sha512-Pspx3oKAPJtjNwE92YS05HQoY7z2SFyOpHo9MqJor3BXAGNaPUs83CuVp9VISFkSjyRfiTpmKuAYGJB7S7hOxw=="
        }
      }
    }
  }
}
