{
  "name": "rose-pine",
  "version": "0.3.13",
  "lockfileVersion": 1,
  "requires": true,
  "dependencies": {
    "@mvllow/pinecone": {
      "version": "0.3.2",
      "resolved": "https://registry.npmjs.org/@mvllow/pinecone/-/pinecone-0.3.2.tgz",
      "integrity": "sha512-yWknM+t94ZmgINEnAIYehY3G9G8AgzeWtnLSBdsZ5xnyUesd1nASDBYrFabylCfEnf5bidDfJIF+U9JTda3mlw=="
    }
  }
}
